{
  "name": "yank.ai",
  "lockfileVersion": 3,
  "requires": true,
  "packages": {
    "": {
      "dependencies": {
        "chrome-types": "^0.1.335"
      }
    },
    "node_modules/chrome-types": {
      "version": "0.1.335",
      "resolved": "https://registry.npmjs.org/chrome-types/-/chrome-types-0.1.335.tgz",
      "integrity": "sha512-Gzrhgrgba7YZ9qfqbDDnCPNpr5+VbL3M3IM92ccVU8pS2YPtCKLU+GFnkzGzUf2n3bGShVA/wAFtYES/4FGuaQ==",
      "license": "Apache-2.0"
    }
  }
}
